
Microsoft Visual Studio Solution File, Format Version 12.00
# Visual Studio 14
VisualStudioVersion = 14.0.24720.0
MinimumVisualStudioVersion = 10.0.40219.1
Project("{FAE04EC0-301F-11D3-BF4B-00C04F79EFBC}") = "TopicLastNameAllSubscriber", "TopicLastNameAllSubscriber\TopicLastNameAllSubscriber.csproj", "{DECCA065-F828-41B2-910D-2C92CC071030}"
EndProject
Project("{9092AA53-FB77-4645-B42D-1CCCA6BD08BD}") = "TopicLastNameAllSubscriber.nodejs", "TopicLastNameAllSubscriber.nodejs\TopicLastNameAllSubscriber.nodejs.njsproj", "{E7B6C15A-9BA2-4497-8BC5-6490B1FF169F}"
EndProject
Project("{FAE04EC0-301F-11D3-BF4B-00C04F79EFBC}") = "TopicLastNameAtoNSubscriber", "TopicLastNameAtoNSubscriber\TopicLastNameAtoNSubscriber.csproj", "{9A7B210C-6258-464B-913A-D0C5AE5D9075}"
EndProject
Project("{FAE04EC0-301F-11D3-BF4B-00C04F79EFBC}") = "TopicLastNameOtoZSubscriber", "TopicLastNameOtoZSubscriber\TopicLastNameOtoZSubscriber.csproj", "{83A16089-3F20-4BE0-9D85-EC6713B4C5A6}"
EndProject
Project("{FAE04EC0-301F-11D3-BF4B-00C04F79EFBC}") = "TopicSender", "TopicSender\TopicSender.csproj", "{E2D24A06-AAC5-4790-9400-FA1102F8449D}"
EndProject
Global
	GlobalSection(SolutionConfigurationPlatforms) = preSolution
		Debug|Any CPU = Debug|Any CPU
		Release|Any CPU = Release|Any CPU
	EndGlobalSection
	GlobalSection(ProjectConfigurationPlatforms) = postSolution
		{DECCA065-F828-41B2-910D-2C92CC071030}.Debug|Any CPU.ActiveCfg = Debug|Any CPU
		{DECCA065-F828-41B2-910D-2C92CC071030}.Debug|Any CPU.Build.0 = Debug|Any CPU
		{DECCA065-F828-41B2-910D-2C92CC071030}.Release|Any CPU.ActiveCfg = Release|Any CPU
		{DECCA065-F828-41B2-910D-2C92CC071030}.Release|Any CPU.Build.0 = Release|Any CPU
		{E7B6C15A-9BA2-4497-8BC5-6490B1FF169F}.Debug|Any CPU.ActiveCfg = Debug|Any CPU
		{E7B6C15A-9BA2-4497-8BC5-6490B1FF169F}.Debug|Any CPU.Build.0 = Debug|Any CPU
		{E7B6C15A-9BA2-4497-8BC5-6490B1FF169F}.Release|Any CPU.ActiveCfg = Release|Any CPU
		{E7B6C15A-9BA2-4497-8BC5-6490B1FF169F}.Release|Any CPU.Build.0 = Release|Any CPU
		{9A7B210C-6258-464B-913A-D0C5AE5D9075}.Debug|Any CPU.ActiveCfg = Debug|Any CPU
		{9A7B210C-6258-464B-913A-D0C5AE5D9075}.Debug|Any CPU.Build.0 = Debug|Any CPU
		{9A7B210C-6258-464B-913A-D0C5AE5D9075}.Release|Any CPU.ActiveCfg = Release|Any CPU
		{9A7B210C-6258-464B-913A-D0C5AE5D9075}.Release|Any CPU.Build.0 = Release|Any CPU
		{83A16089-3F20-4BE0-9D85-EC6713B4C5A6}.Debug|Any CPU.ActiveCfg = Debug|Any CPU
		{83A16089-3F20-4BE0-9D85-EC6713B4C5A6}.Debug|Any CPU.Build.0 = Debug|Any CPU
		{83A16089-3F20-4BE0-9D85-EC6713B4C5A6}.Release|Any CPU.ActiveCfg = Release|Any CPU
		{83A16089-3F20-4BE0-9D85-EC6713B4C5A6}.Release|Any CPU.Build.0 = Release|Any CPU
		{E2D24A06-AAC5-4790-9400-FA1102F8449D}.Debug|Any CPU.ActiveCfg = Debug|Any CPU
		{E2D24A06-AAC5-4790-9400-FA1102F8449D}.Debug|Any CPU.Build.0 = Debug|Any CPU
		{E2D24A06-AAC5-4790-9400-FA1102F8449D}.Release|Any CPU.ActiveCfg = Release|Any CPU
		{E2D24A06-AAC5-4790-9400-FA1102F8449D}.Release|Any CPU.Build.0 = Release|Any CPU
	EndGlobalSection
	GlobalSection(SolutionProperties) = preSolution
		HideSolutionNode = FALSE
	EndGlobalSection
EndGlobal
